
Microsoft Visual Studio Solution File, Format Version 12.00
# Visual Studio Version 17
VisualStudioVersion = 17.1.32328.378
MinimumVisualStudioVersion = 10.0.40219.1
Project("{FAE04EC0-301F-11D3-BF4B-00C04F79EFBC}") = "DatingAppApi", "DatingAppApi\DatingAppApi.csproj", "{E36C7A2E-58E6-4BCA-A70E-3DA314FDB252}"
EndProject
Global
	GlobalSection(SolutionConfigurationPlatforms) = preSolution
		Debug|Any CPU = Debug|Any CPU
		Release|Any CPU = Release|Any CPU
	EndGlobalSection
	GlobalSection(ProjectConfigurationPlatforms) = postSolution
		{E36C7A2E-58E6-4BCA-A70E-3DA314FDB252}.Debug|Any CPU.ActiveCfg = Debug|Any CPU
		{E36C7A2E-58E6-4BCA-A70E-3DA314FDB252}.Debug|Any CPU.Build.0 = Debug|Any CPU
		{E36C7A2E-58E6-4BCA-A70E-3DA314FDB252}.Release|Any CPU.ActiveCfg = Release|Any CPU
		{E36C7A2E-58E6-4BCA-A70E-3DA314FDB252}.Release|Any CPU.Build.0 = Release|Any CPU
	EndGlobalSection
	GlobalSection(SolutionProperties) = preSolution
		HideSolutionNode = FALSE
	EndGlobalSection
	GlobalSection(ExtensibilityGlobals) = postSolution
		SolutionGuid = {3EE5969D-AA30-41CC-B3E3-E8CA41426001}
	EndGlobalSection
EndGlobal
